{
  "version": 4,
  "terraform_version": "1.5.6",
  "serial": 129,
  "lineage": "fcc96670-c54c-c644-f2f2-162c8d0df568",
  "outputs": {
    "http-url": {
      "value": "https://http-kt6w747drq-de.a.run.app",
      "type": "string"
    },
    "web-url": {
      "value": "https://web-kt6w747drq-de.a.run.app",
      "type": "string"
    },
    "websocket-url": {
      "value": "https://websocket-kt6w747drq-de.a.run.app",
      "type": "string"
    }
  },
  "resources": [
    {
      "mode": "data",
      "type": "google_project",
      "name": "project",
      "provider": "provider[\"registry.terraform.io/hashicorp/google\"]",
      "instances": [
        {
          "schema_version": 0,
          "attributes": {
            "auto_create_network": null,
            "billing_account": "01F999-E606A5-B34A87",
            "effective_labels": {},
            "folder_id": "719472806047",
            "id": "projects/tw-rd-ca-leon-lin",
            "labels": {},
            "name": "tw-rd-ca-leon-lin",
            "number": "77786086397",
            "org_id": "",
            "project_id": "tw-rd-ca-leon-lin",
            "skip_delete": null,
            "terraform_labels": {}
          },
          "sensitive_attributes": []
        }
      ]
    },
    {
      "mode": "managed",
      "type": "google_project_iam_member",
      "name": "build_r1",
      "provider": "provider[\"registry.terraform.io/hashicorp/google\"]",
      "instances": [
        {
          "schema_version": 0,
          "attributes": {
            "condition": [],
            "etag": "BwYHV5wx2iA=",
            "id": "tw-rd-ca-leon-lin/roles/run.admin/serviceAccount:77786086397@cloudbuild.gserviceaccount.com",
            "member": "serviceAccount:77786086397@cloudbuild.gserviceaccount.com",
            "project": "tw-rd-ca-leon-lin",
            "role": "roles/run.admin"
          },
          "sensitive_attributes": [],
          "private": "bnVsbA==",
          "dependencies": [
            "data.google_project.project"
          ]
        }
      ]
    },
    {
      "mode": "managed",
      "type": "google_project_iam_member",
      "name": "build_r2",
      "provider": "provider[\"registry.terraform.io/hashicorp/google\"]",
      "instances": [
        {
          "schema_version": 0,
          "attributes": {
            "condition": [],
            "etag": "BwYHV5y9KDM=",
            "id": "tw-rd-ca-leon-lin/roles/iam.serviceAccountUser/serviceAccount:77786086397@cloudbuild.gserviceaccount.com",
            "member": "serviceAccount:77786086397@cloudbuild.gserviceaccount.com",
            "project": "tw-rd-ca-leon-lin",
            "role": "roles/iam.serviceAccountUser"
          },
          "sensitive_attributes": [],
          "private": "bnVsbA==",
          "dependencies": [
            "data.google_project.project",
            "google_project_iam_member.build_r1"
          ]
        }
      ]
    },
    {
      "mode": "managed",
      "type": "google_storage_bucket",
      "name": "function-source",
      "provider": "provider[\"registry.terraform.io/hashicorp/google\"]",
      "instances": [
        {
          "schema_version": 1,
          "attributes": {
            "autoclass": [],
            "cors": [],
            "custom_placement_config": [],
            "default_event_based_hold": false,
            "effective_labels": {},
            "encryption": [],
            "force_destroy": false,
            "id": "asia-east1-tw-rd-ca-leon-lin-gcf-source",
            "labels": {},
            "lifecycle_rule": [],
            "location": "ASIA-EAST1",
            "logging": [],
            "name": "asia-east1-tw-rd-ca-leon-lin-gcf-source",
            "project": "tw-rd-ca-leon-lin",
            "public_access_prevention": "inherited",
            "requester_pays": false,
            "retention_policy": [],
            "self_link": "https://www.googleapis.com/storage/v1/b/asia-east1-tw-rd-ca-leon-lin-gcf-source",
            "storage_class": "STANDARD",
            "terraform_labels": {},
            "timeouts": null,
            "uniform_bucket_level_access": true,
            "url": "gs://asia-east1-tw-rd-ca-leon-lin-gcf-source",
            "versioning": [],
            "website": []
          },
          "sensitive_attributes": [],
          "private": "eyJlMmJmYjczMC1lY2FhLTExZTYtOGY4OC0zNDM2M2JjN2M0YzAiOnsiY3JlYXRlIjo2MDAwMDAwMDAwMDAsInJlYWQiOjI0MDAwMDAwMDAwMCwidXBkYXRlIjoyNDAwMDAwMDAwMDB9LCJzY2hlbWFfdmVyc2lvbiI6IjEifQ=="
        }
      ]
    },
    {
      "module": "module.create_todolist",
      "mode": "managed",
      "type": "google_cloudfunctions2_function",
      "name": "default",
      "provider": "provider[\"registry.terraform.io/hashicorp/google\"]",
      "instances": [
        {
          "schema_version": 0,
          "attributes": {
            "build_config": [
              {
                "build": "projects/77786086397/locations/asia-east1/builds/01c139c0-cf1b-404a-b575-7b2281b0d9de",
                "docker_repository": "",
                "entry_point": "HelloPubSub",
                "environment_variables": {},
                "runtime": "go119",
                "source": [
                  {
                    "repo_source": [],
                    "storage_source": [
                      {
                        "bucket": "asia-east1-tw-rd-ca-leon-lin-gcf-source",
                        "generation": 1696921628939890,
                        "object": "create_todolist-source.zip"
                      }
                    ]
                  }
                ],
                "worker_pool": ""
              }
            ],
            "description": "a default function",
            "effective_labels": {},
            "environment": "GEN_2",
            "event_trigger": [
              {
                "event_filters": [],
                "event_type": "google.cloud.pubsub.topic.v1.messagePublished",
                "pubsub_topic": "projects/tw-rd-ca-leon-lin/topics/create_todolist-topic",
                "retry_policy": "RETRY_POLICY_DO_NOT_RETRY",
                "service_account_email": "77786086397-compute@developer.gserviceaccount.com",
                "trigger": "projects/tw-rd-ca-leon-lin/locations/asia-east1/triggers/create-todolist-734023",
                "trigger_region": "asia-east1"
              }
            ],
            "id": "projects/tw-rd-ca-leon-lin/locations/asia-east1/functions/create_todolist",
            "kms_key_name": "",
            "labels": {},
            "location": "asia-east1",
            "name": "create_todolist",
            "project": "tw-rd-ca-leon-lin",
            "service_config": [
              {
                "all_traffic_on_latest_revision": true,
                "available_cpu": "0.1666",
                "available_memory": "256M",
                "environment_variables": {},
                "gcf_uri": "",
                "ingress_settings": "ALLOW_INTERNAL_ONLY",
                "max_instance_count": 3,
                "max_instance_request_concurrency": 1,
                "min_instance_count": 0,
                "secret_environment_variables": [],
                "secret_volumes": [],
                "service": "projects/tw-rd-ca-leon-lin/locations/asia-east1/services/create-todolist",
                "service_account_email": "77786086397-compute@developer.gserviceaccount.com",
                "timeout_seconds": 60,
                "uri": "https://create-todolist-kt6w747drq-de.a.run.app",
                "vpc_connector": "",
                "vpc_connector_egress_settings": ""
              }
            ],
            "state": "ACTIVE",
            "terraform_labels": {},
            "timeouts": null,
            "update_time": "2023-10-10T07:08:47.895393230Z",
            "url": "https://asia-east1-tw-rd-ca-leon-lin.cloudfunctions.net/create_todolist"
          },
          "sensitive_attributes": [],
          "private": "eyJlMmJmYjczMC1lY2FhLTExZTYtOGY4OC0zNDM2M2JjN2M0YzAiOnsiY3JlYXRlIjozNjAwMDAwMDAwMDAwLCJkZWxldGUiOjM2MDAwMDAwMDAwMDAsInVwZGF0ZSI6MzYwMDAwMDAwMDAwMH19",
          "dependencies": [
            "google_storage_bucket.function-source",
            "module.create_todolist.google_pubsub_topic.default",
            "module.create_todolist.google_storage_bucket_object.object"
          ]
        }
      ]
    },
    {
      "module": "module.create_todolist",
      "mode": "managed",
      "type": "google_pubsub_topic",
      "name": "default",
      "provider": "provider[\"registry.terraform.io/hashicorp/google\"]",
      "instances": [
        {
          "schema_version": 0,
          "attributes": {
            "effective_labels": {},
            "id": "projects/tw-rd-ca-leon-lin/topics/create_todolist-topic",
            "kms_key_name": "",
            "labels": {},
            "message_retention_duration": "",
            "message_storage_policy": [],
            "name": "create_todolist-topic",
            "project": "tw-rd-ca-leon-lin",
            "schema_settings": [],
            "terraform_labels": {},
            "timeouts": null
          },
          "sensitive_attributes": [],
          "private": "eyJlMmJmYjczMC1lY2FhLTExZTYtOGY4OC0zNDM2M2JjN2M0YzAiOnsiY3JlYXRlIjoxMjAwMDAwMDAwMDAwLCJkZWxldGUiOjEyMDAwMDAwMDAwMDAsInVwZGF0ZSI6MTIwMDAwMDAwMDAwMH19"
        }
      ]
    },
    {
      "module": "module.create_todolist",
      "mode": "managed",
      "type": "google_storage_bucket_object",
      "name": "object",
      "provider": "provider[\"registry.terraform.io/hashicorp/google\"]",
      "instances": [
        {
          "schema_version": 0,
          "attributes": {
            "bucket": "asia-east1-tw-rd-ca-leon-lin-gcf-source",
            "cache_control": "",
            "content": null,
            "content_disposition": "",
            "content_encoding": "",
            "content_language": "",
            "content_type": "application/zip",
            "crc32c": "we6siw==",
            "customer_encryption": [],
            "detect_md5hash": "//4stIUYfBRUBOlLAOIMig==",
            "event_based_hold": false,
            "id": "asia-east1-tw-rd-ca-leon-lin-gcf-source-create_todolist-source.zip",
            "kms_key_name": "",
            "md5hash": "//4stIUYfBRUBOlLAOIMig==",
            "media_link": "https://storage.googleapis.com/download/storage/v1/b/asia-east1-tw-rd-ca-leon-lin-gcf-source/o/create_todolist-source.zip?generation=1696921616361552\u0026alt=media",
            "metadata": {},
            "name": "create_todolist-source.zip",
            "output_name": "create_todolist-source.zip",
            "self_link": "https://www.googleapis.com/storage/v1/b/asia-east1-tw-rd-ca-leon-lin-gcf-source/o/create_todolist-source.zip",
            "source": "function/default-source.zip",
            "storage_class": "STANDARD",
            "temporary_hold": false,
            "timeouts": null
          },
          "sensitive_attributes": [],
          "private": "eyJlMmJmYjczMC1lY2FhLTExZTYtOGY4OC0zNDM2M2JjN2M0YzAiOnsiY3JlYXRlIjoyNDAwMDAwMDAwMDAsImRlbGV0ZSI6MjQwMDAwMDAwMDAwLCJ1cGRhdGUiOjI0MDAwMDAwMDAwMH19",
          "dependencies": [
            "google_storage_bucket.function-source"
          ]
        }
      ]
    },
    {
      "module": "module.delete_todolist",
      "mode": "managed",
      "type": "google_cloudfunctions2_function",
      "name": "default",
      "provider": "provider[\"registry.terraform.io/hashicorp/google\"]",
      "instances": [
        {
          "schema_version": 0,
          "attributes": {
            "build_config": [
              {
                "build": "projects/77786086397/locations/asia-east1/builds/73482ef7-4078-4fe2-a10b-48dcdf92b120",
                "docker_repository": "",
                "entry_point": "HelloPubSub",
                "environment_variables": {},
                "runtime": "go119",
                "source": [
                  {
                    "repo_source": [],
                    "storage_source": [
                      {
                        "bucket": "asia-east1-tw-rd-ca-leon-lin-gcf-source",
                        "generation": 1696921623354837,
                        "object": "delete_todolist-source.zip"
                      }
                    ]
                  }
                ],
                "worker_pool": ""
              }
            ],
            "description": "a default function",
            "effective_labels": {},
            "environment": "GEN_2",
            "event_trigger": [
              {
                "event_filters": [],
                "event_type": "google.cloud.pubsub.topic.v1.messagePublished",
                "pubsub_topic": "projects/tw-rd-ca-leon-lin/topics/delete_todolist-topic",
                "retry_policy": "RETRY_POLICY_DO_NOT_RETRY",
                "service_account_email": "77786086397-compute@developer.gserviceaccount.com",
                "trigger": "projects/tw-rd-ca-leon-lin/locations/asia-east1/triggers/delete-todolist-549923",
                "trigger_region": "asia-east1"
              }
            ],
            "id": "projects/tw-rd-ca-leon-lin/locations/asia-east1/functions/delete_todolist",
            "kms_key_name": "",
            "labels": {},
            "location": "asia-east1",
            "name": "delete_todolist",
            "project": "tw-rd-ca-leon-lin",
            "service_config": [
              {
                "all_traffic_on_latest_revision": true,
                "available_cpu": "0.1666",
                "available_memory": "256M",
                "environment_variables": {},
                "gcf_uri": "",
                "ingress_settings": "ALLOW_INTERNAL_ONLY",
                "max_instance_count": 3,
                "max_instance_request_concurrency": 1,
                "min_instance_count": 0,
                "secret_environment_variables": [],
                "secret_volumes": [],
                "service": "projects/tw-rd-ca-leon-lin/locations/asia-east1/services/delete-todolist",
                "service_account_email": "77786086397-compute@developer.gserviceaccount.com",
                "timeout_seconds": 60,
                "uri": "https://delete-todolist-kt6w747drq-de.a.run.app",
                "vpc_connector": "",
                "vpc_connector_egress_settings": ""
              }
            ],
            "state": "ACTIVE",
            "terraform_labels": {},
            "timeouts": null,
            "update_time": "2023-10-10T07:08:51.768366119Z",
            "url": "https://asia-east1-tw-rd-ca-leon-lin.cloudfunctions.net/delete_todolist"
          },
          "sensitive_attributes": [],
          "private": "eyJlMmJmYjczMC1lY2FhLTExZTYtOGY4OC0zNDM2M2JjN2M0YzAiOnsiY3JlYXRlIjozNjAwMDAwMDAwMDAwLCJkZWxldGUiOjM2MDAwMDAwMDAwMDAsInVwZGF0ZSI6MzYwMDAwMDAwMDAwMH19",
          "dependencies": [
            "google_storage_bucket.function-source",
            "module.delete_todolist.google_pubsub_topic.default",
            "module.delete_todolist.google_storage_bucket_object.object"
          ]
        }
      ]
    },
    {
      "module": "module.delete_todolist",
      "mode": "managed",
      "type": "google_pubsub_topic",
      "name": "default",
      "provider": "provider[\"registry.terraform.io/hashicorp/google\"]",
      "instances": [
        {
          "schema_version": 0,
          "attributes": {
            "effective_labels": {},
            "id": "projects/tw-rd-ca-leon-lin/topics/delete_todolist-topic",
            "kms_key_name": "",
            "labels": {},
            "message_retention_duration": "",
            "message_storage_policy": [],
            "name": "delete_todolist-topic",
            "project": "tw-rd-ca-leon-lin",
            "schema_settings": [],
            "terraform_labels": {},
            "timeouts": null
          },
          "sensitive_attributes": [],
          "private": "eyJlMmJmYjczMC1lY2FhLTExZTYtOGY4OC0zNDM2M2JjN2M0YzAiOnsiY3JlYXRlIjoxMjAwMDAwMDAwMDAwLCJkZWxldGUiOjEyMDAwMDAwMDAwMDAsInVwZGF0ZSI6MTIwMDAwMDAwMDAwMH19"
        }
      ]
    },
    {
      "module": "module.delete_todolist",
      "mode": "managed",
      "type": "google_storage_bucket_object",
      "name": "object",
      "provider": "provider[\"registry.terraform.io/hashicorp/google\"]",
      "instances": [
        {
          "schema_version": 0,
          "attributes": {
            "bucket": "asia-east1-tw-rd-ca-leon-lin-gcf-source",
            "cache_control": "",
            "content": null,
            "content_disposition": "",
            "content_encoding": "",
            "content_language": "",
            "content_type": "application/zip",
            "crc32c": "we6siw==",
            "customer_encryption": [],
            "detect_md5hash": "//4stIUYfBRUBOlLAOIMig==",
            "event_based_hold": false,
            "id": "asia-east1-tw-rd-ca-leon-lin-gcf-source-delete_todolist-source.zip",
            "kms_key_name": "",
            "md5hash": "//4stIUYfBRUBOlLAOIMig==",
            "media_link": "https://storage.googleapis.com/download/storage/v1/b/asia-east1-tw-rd-ca-leon-lin-gcf-source/o/delete_todolist-source.zip?generation=1696921615914391\u0026alt=media",
            "metadata": {},
            "name": "delete_todolist-source.zip",
            "output_name": "delete_todolist-source.zip",
            "self_link": "https://www.googleapis.com/storage/v1/b/asia-east1-tw-rd-ca-leon-lin-gcf-source/o/delete_todolist-source.zip",
            "source": "function/default-source.zip",
            "storage_class": "STANDARD",
            "temporary_hold": false,
            "timeouts": null
          },
          "sensitive_attributes": [],
          "private": "eyJlMmJmYjczMC1lY2FhLTExZTYtOGY4OC0zNDM2M2JjN2M0YzAiOnsiY3JlYXRlIjoyNDAwMDAwMDAwMDAsImRlbGV0ZSI6MjQwMDAwMDAwMDAwLCJ1cGRhdGUiOjI0MDAwMDAwMDAwMH19",
          "dependencies": [
            "google_storage_bucket.function-source"
          ]
        }
      ]
    },
    {
      "module": "module.get_todolist",
      "mode": "managed",
      "type": "google_cloudfunctions2_function",
      "name": "default",
      "provider": "provider[\"registry.terraform.io/hashicorp/google\"]",
      "instances": [
        {
          "schema_version": 0,
          "attributes": {
            "build_config": [
              {
                "build": "projects/77786086397/locations/asia-east1/builds/cfc646a5-ec6a-4da9-9aae-837355043c56",
                "docker_repository": "",
                "entry_point": "HelloPubSub",
                "environment_variables": {},
                "runtime": "go119",
                "source": [
                  {
                    "repo_source": [],
                    "storage_source": [
                      {
                        "bucket": "asia-east1-tw-rd-ca-leon-lin-gcf-source",
                        "generation": 1696921624648022,
                        "object": "get_todolist-source.zip"
                      }
                    ]
                  }
                ],
                "worker_pool": ""
              }
            ],
            "description": "a default function",
            "effective_labels": {},
            "environment": "GEN_2",
            "event_trigger": [
              {
                "event_filters": [],
                "event_type": "google.cloud.pubsub.topic.v1.messagePublished",
                "pubsub_topic": "projects/tw-rd-ca-leon-lin/topics/get_todolist-topic",
                "retry_policy": "RETRY_POLICY_DO_NOT_RETRY",
                "service_account_email": "77786086397-compute@developer.gserviceaccount.com",
                "trigger": "projects/tw-rd-ca-leon-lin/locations/asia-east1/triggers/get-todolist-103516",
                "trigger_region": "asia-east1"
              }
            ],
            "id": "projects/tw-rd-ca-leon-lin/locations/asia-east1/functions/get_todolist",
            "kms_key_name": "",
            "labels": {},
            "location": "asia-east1",
            "name": "get_todolist",
            "project": "tw-rd-ca-leon-lin",
            "service_config": [
              {
                "all_traffic_on_latest_revision": true,
                "available_cpu": "0.1666",
                "available_memory": "256M",
                "environment_variables": {},
                "gcf_uri": "",
                "ingress_settings": "ALLOW_INTERNAL_ONLY",
                "max_instance_count": 3,
                "max_instance_request_concurrency": 1,
                "min_instance_count": 0,
                "secret_environment_variables": [],
                "secret_volumes": [],
                "service": "projects/tw-rd-ca-leon-lin/locations/asia-east1/services/get-todolist",
                "service_account_email": "77786086397-compute@developer.gserviceaccount.com",
                "timeout_seconds": 60,
                "uri": "https://get-todolist-kt6w747drq-de.a.run.app",
                "vpc_connector": "",
                "vpc_connector_egress_settings": ""
              }
            ],
            "state": "ACTIVE",
            "terraform_labels": {},
            "timeouts": null,
            "update_time": "2023-10-10T07:08:38.948755051Z",
            "url": "https://asia-east1-tw-rd-ca-leon-lin.cloudfunctions.net/get_todolist"
          },
          "sensitive_attributes": [],
          "private": "eyJlMmJmYjczMC1lY2FhLTExZTYtOGY4OC0zNDM2M2JjN2M0YzAiOnsiY3JlYXRlIjozNjAwMDAwMDAwMDAwLCJkZWxldGUiOjM2MDAwMDAwMDAwMDAsInVwZGF0ZSI6MzYwMDAwMDAwMDAwMH19",
          "dependencies": [
            "google_storage_bucket.function-source",
            "module.get_todolist.google_pubsub_topic.default",
            "module.get_todolist.google_storage_bucket_object.object"
          ]
        }
      ]
    },
    {
      "module": "module.get_todolist",
      "mode": "managed",
      "type": "google_pubsub_topic",
      "name": "default",
      "provider": "provider[\"registry.terraform.io/hashicorp/google\"]",
      "instances": [
        {
          "schema_version": 0,
          "attributes": {
            "effective_labels": {},
            "id": "projects/tw-rd-ca-leon-lin/topics/get_todolist-topic",
            "kms_key_name": "",
            "labels": {},
            "message_retention_duration": "",
            "message_storage_policy": [],
            "name": "get_todolist-topic",
            "project": "tw-rd-ca-leon-lin",
            "schema_settings": [],
            "terraform_labels": {},
            "timeouts": null
          },
          "sensitive_attributes": [],
          "private": "eyJlMmJmYjczMC1lY2FhLTExZTYtOGY4OC0zNDM2M2JjN2M0YzAiOnsiY3JlYXRlIjoxMjAwMDAwMDAwMDAwLCJkZWxldGUiOjEyMDAwMDAwMDAwMDAsInVwZGF0ZSI6MTIwMDAwMDAwMDAwMH19"
        }
      ]
    },
    {
      "module": "module.get_todolist",
      "mode": "managed",
      "type": "google_storage_bucket_object",
      "name": "object",
      "provider": "provider[\"registry.terraform.io/hashicorp/google\"]",
      "instances": [
        {
          "schema_version": 0,
          "attributes": {
            "bucket": "asia-east1-tw-rd-ca-leon-lin-gcf-source",
            "cache_control": "",
            "content": null,
            "content_disposition": "",
            "content_encoding": "",
            "content_language": "",
            "content_type": "application/zip",
            "crc32c": "we6siw==",
            "customer_encryption": [],
            "detect_md5hash": "//4stIUYfBRUBOlLAOIMig==",
            "event_based_hold": false,
            "id": "asia-east1-tw-rd-ca-leon-lin-gcf-source-get_todolist-source.zip",
            "kms_key_name": "",
            "md5hash": "//4stIUYfBRUBOlLAOIMig==",
            "media_link": "https://storage.googleapis.com/download/storage/v1/b/asia-east1-tw-rd-ca-leon-lin-gcf-source/o/get_todolist-source.zip?generation=1696921616317668\u0026alt=media",
            "metadata": {},
            "name": "get_todolist-source.zip",
            "output_name": "get_todolist-source.zip",
            "self_link": "https://www.googleapis.com/storage/v1/b/asia-east1-tw-rd-ca-leon-lin-gcf-source/o/get_todolist-source.zip",
            "source": "function/default-source.zip",
            "storage_class": "STANDARD",
            "temporary_hold": false,
            "timeouts": null
          },
          "sensitive_attributes": [],
          "private": "eyJlMmJmYjczMC1lY2FhLTExZTYtOGY4OC0zNDM2M2JjN2M0YzAiOnsiY3JlYXRlIjoyNDAwMDAwMDAwMDAsImRlbGV0ZSI6MjQwMDAwMDAwMDAwLCJ1cGRhdGUiOjI0MDAwMDAwMDAwMH19",
          "dependencies": [
            "google_storage_bucket.function-source"
          ]
        }
      ]
    },
    {
      "module": "module.http-server",
      "mode": "managed",
      "type": "google_cloud_run_service_iam_member",
      "name": "member",
      "provider": "provider[\"registry.terraform.io/hashicorp/google\"]",
      "instances": [
        {
          "schema_version": 0,
          "attributes": {
            "condition": [],
            "etag": "BwYHV1q1SKw=",
            "id": "v1/projects/tw-rd-ca-leon-lin/locations/asia-east1/services/http/roles/run.invoker/allUsers",
            "location": "asia-east1",
            "member": "allUsers",
            "project": "tw-rd-ca-leon-lin",
            "role": "roles/run.invoker",
            "service": "v1/projects/tw-rd-ca-leon-lin/locations/asia-east1/services/http"
          },
          "sensitive_attributes": [],
          "private": "bnVsbA==",
          "dependencies": [
            "module.http-server.google_cloud_run_v2_service.default"
          ]
        }
      ]
    },
    {
      "module": "module.http-server",
      "mode": "managed",
      "type": "google_cloud_run_v2_service",
      "name": "default",
      "provider": "provider[\"registry.terraform.io/hashicorp/google\"]",
      "instances": [
        {
          "schema_version": 0,
          "attributes": {
            "annotations": {},
            "binary_authorization": [],
            "client": "",
            "client_version": "",
            "conditions": [
              {
                "execution_reason": "",
                "last_transition_time": "2023-10-10T07:06:59.934055Z",
                "message": "",
                "reason": "",
                "revision_reason": "",
                "severity": "",
                "state": "CONDITION_SUCCEEDED",
                "type": "RoutesReady"
              },
              {
                "execution_reason": "",
                "last_transition_time": "2023-10-10T07:06:54.960548Z",
                "message": "",
                "reason": "",
                "revision_reason": "",
                "severity": "",
                "state": "CONDITION_SUCCEEDED",
                "type": "ConfigurationsReady"
              }
            ],
            "create_time": "2023-10-10T07:06:54.687929Z",
            "creator": "a0970785699@gmail.com",
            "delete_time": "",
            "description": "",
            "effective_annotations": {},
            "effective_labels": {},
            "etag": "\"CI7wk6kGEKjtg8gC/cHJvamVjdHMvdHctcmQtY2EtbGVvbi1saW4vbG9jYXRpb25zL2FzaWEtZWFzdDEvc2VydmljZXMvaHR0cA\"",
            "expire_time": "",
            "generation": "1",
            "id": "projects/tw-rd-ca-leon-lin/locations/asia-east1/services/http",
            "ingress": "INGRESS_TRAFFIC_ALL",
            "labels": {},
            "last_modifier": "a0970785699@gmail.com",
            "latest_created_revision": "projects/tw-rd-ca-leon-lin/locations/asia-east1/services/http/revisions/http-00001-6ns",
            "latest_ready_revision": "projects/tw-rd-ca-leon-lin/locations/asia-east1/services/http/revisions/http-00001-6ns",
            "launch_stage": "GA",
            "location": "asia-east1",
            "name": "http",
            "observed_generation": "1",
            "project": "tw-rd-ca-leon-lin",
            "reconciling": false,
            "template": [
              {
                "annotations": {},
                "containers": [
                  {
                    "args": [],
                    "command": [],
                    "env": [
                      {
                        "name": "SERVER_PORT",
                        "value": ":8080",
                        "value_source": []
                      }
                    ],
                    "image": "adrianrudnik/maintenance-server:latest",
                    "liveness_probe": [],
                    "name": "",
                    "ports": [
                      {
                        "container_port": 8080,
                        "name": "http1"
                      }
                    ],
                    "resources": [
                      {
                        "cpu_idle": true,
                        "limits": {
                          "cpu": "1000m",
                          "memory": "512Mi"
                        },
                        "startup_cpu_boost": true
                      }
                    ],
                    "startup_probe": [
                      {
                        "failure_threshold": 1,
                        "grpc": [],
                        "http_get": [],
                        "initial_delay_seconds": 0,
                        "period_seconds": 240,
                        "tcp_socket": [
                          {
                            "port": 8080
                          }
                        ],
                        "timeout_seconds": 240
                      }
                    ],
                    "volume_mounts": [],
                    "working_dir": ""
                  }
                ],
                "encryption_key": "",
                "execution_environment": "",
                "labels": {},
                "max_instance_request_concurrency": 80,
                "revision": "",
                "scaling": [
                  {
                    "max_instance_count": 100,
                    "min_instance_count": 0
                  }
                ],
                "service_account": "77786086397-compute@developer.gserviceaccount.com",
                "session_affinity": false,
                "timeout": "300s",
                "volumes": [],
                "vpc_access": []
              }
            ],
            "terminal_condition": [
              {
                "execution_reason": "",
                "last_transition_time": "2023-10-10T07:06:59.934055Z",
                "message": "",
                "reason": "",
                "revision_reason": "",
                "severity": "",
                "state": "CONDITION_SUCCEEDED",
                "type": "Ready"
              }
            ],
            "terraform_labels": {},
            "timeouts": null,
            "traffic": [
              {
                "percent": 100,
                "revision": "",
                "tag": "",
                "type": "TRAFFIC_TARGET_ALLOCATION_TYPE_LATEST"
              }
            ],
            "traffic_statuses": [
              {
                "percent": 100,
                "revision": "",
                "tag": "",
                "type": "TRAFFIC_TARGET_ALLOCATION_TYPE_LATEST",
                "uri": ""
              }
            ],
            "uid": "ee4229d2-e8a8-49b5-acac-199e4f9e1654",
            "update_time": "2023-10-10T07:06:54.687929Z",
            "uri": "https://http-kt6w747drq-de.a.run.app"
          },
          "sensitive_attributes": [],
          "private": "eyJlMmJmYjczMC1lY2FhLTExZTYtOGY4OC0zNDM2M2JjN2M0YzAiOnsiY3JlYXRlIjoxMjAwMDAwMDAwMDAwLCJkZWxldGUiOjEyMDAwMDAwMDAwMDAsInVwZGF0ZSI6MTIwMDAwMDAwMDAwMH19"
        }
      ]
    },
    {
      "module": "module.repository",
      "mode": "data",
      "type": "google_project",
      "name": "project",
      "provider": "provider[\"registry.terraform.io/hashicorp/google\"]",
      "instances": [
        {
          "schema_version": 0,
          "attributes": {
            "auto_create_network": null,
            "billing_account": "01F999-E606A5-B34A87",
            "effective_labels": {},
            "folder_id": "719472806047",
            "id": "projects/tw-rd-ca-leon-lin",
            "labels": {},
            "name": "tw-rd-ca-leon-lin",
            "number": "77786086397",
            "org_id": "",
            "project_id": "tw-rd-ca-leon-lin",
            "skip_delete": null,
            "terraform_labels": {}
          },
          "sensitive_attributes": []
        }
      ]
    },
    {
      "module": "module.repository",
      "mode": "managed",
      "type": "google_cloudbuildv2_connection",
      "name": "my_connection",
      "provider": "provider[\"registry.terraform.io/hashicorp/google\"]",
      "instances": [
        {
          "schema_version": 0,
          "attributes": {
            "annotations": {},
            "create_time": "2023-10-10T07:07:02.575818761Z",
            "disabled": false,
            "effective_annotations": {},
            "etag": "eVzfbwO9OMdV3vk926ABLmVH1jFYUuz2lZkPlNxgt54",
            "github_config": [
              {
                "app_installation_id": 36856157,
                "authorizer_credential": [
                  {
                    "oauth_token_secret_version": "projects/77786086397/secrets/todolist-secret/versions/1",
                    "username": ""
                  }
                ]
              }
            ],
            "github_enterprise_config": [],
            "gitlab_config": [],
            "id": "projects/tw-rd-ca-leon-lin/locations/asia-east1/connections/todolist-connection",
            "installation_state": [
              {
                "action_uri": "",
                "message": "",
                "stage": "COMPLETE"
              }
            ],
            "location": "asia-east1",
            "name": "todolist-connection",
            "project": "tw-rd-ca-leon-lin",
            "reconciling": false,
            "timeouts": null,
            "update_time": "2023-10-10T07:07:04.150014750Z"
          },
          "sensitive_attributes": [],
          "private": "eyJlMmJmYjczMC1lY2FhLTExZTYtOGY4OC0zNDM2M2JjN2M0YzAiOnsiY3JlYXRlIjoxMjAwMDAwMDAwMDAwLCJkZWxldGUiOjEyMDAwMDAwMDAwMDAsInVwZGF0ZSI6MTIwMDAwMDAwMDAwMH19",
          "dependencies": [
            "module.repository.data.google_project.project",
            "module.repository.google_secret_manager_secret.github_token_secret",
            "module.repository.google_secret_manager_secret_iam_member.policy",
            "module.repository.google_secret_manager_secret_version.github_token_secret_version"
          ]
        }
      ]
    },
    {
      "module": "module.repository",
      "mode": "managed",
      "type": "google_cloudbuildv2_repository",
      "name": "my-repository",
      "provider": "provider[\"registry.terraform.io/hashicorp/google\"]",
      "instances": [
        {
          "schema_version": 0,
          "attributes": {
            "annotations": {},
            "create_time": "2023-10-10T07:07:04.639034891Z",
            "effective_annotations": {},
            "etag": "qNrOAfmdvyvmEhI4AkyR71GSrPAoe2KKgX5usOaGGIw",
            "id": "projects/tw-rd-ca-leon-lin/locations/asia-east1/connections/todolist-connection/repositories/todolist",
            "location": "asia-east1",
            "name": "todolist",
            "parent_connection": "projects/tw-rd-ca-leon-lin/locations/asia-east1/connections/todolist-connection",
            "project": "tw-rd-ca-leon-lin",
            "remote_uri": "https://github.com/leon123858/bi-event-driven-web-connection-PoC.git",
            "timeouts": null,
            "update_time": "2023-10-10T07:07:06.147243562Z"
          },
          "sensitive_attributes": [],
          "private": "eyJlMmJmYjczMC1lY2FhLTExZTYtOGY4OC0zNDM2M2JjN2M0YzAiOnsiY3JlYXRlIjoxMjAwMDAwMDAwMDAwLCJkZWxldGUiOjEyMDAwMDAwMDAwMDB9fQ==",
          "dependencies": [
            "module.repository.data.google_project.project",
            "module.repository.google_cloudbuildv2_connection.my_connection",
            "module.repository.google_secret_manager_secret.github_token_secret",
            "module.repository.google_secret_manager_secret_iam_member.policy",
            "module.repository.google_secret_manager_secret_version.github_token_secret_version"
          ]
        }
      ]
    },
    {
      "module": "module.repository",
      "mode": "managed",
      "type": "google_secret_manager_secret",
      "name": "github_token_secret",
      "provider": "provider[\"registry.terraform.io/hashicorp/google\"]",
      "instances": [
        {
          "schema_version": 0,
          "attributes": {
            "annotations": {},
            "create_time": "2023-10-10T07:06:54.916986Z",
            "effective_annotations": {},
            "effective_labels": {},
            "expire_time": "",
            "id": "projects/tw-rd-ca-leon-lin/secrets/todolist-secret",
            "labels": {},
            "name": "projects/77786086397/secrets/todolist-secret",
            "project": "tw-rd-ca-leon-lin",
            "replication": [
              {
                "auto": [],
                "user_managed": [
                  {
                    "replicas": [
                      {
                        "customer_managed_encryption": [],
                        "location": "asia-east1"
                      }
                    ]
                  }
                ]
              }
            ],
            "rotation": [],
            "secret_id": "todolist-secret",
            "terraform_labels": {},
            "timeouts": null,
            "topics": [],
            "ttl": null,
            "version_aliases": {}
          },
          "sensitive_attributes": [],
          "private": "eyJlMmJmYjczMC1lY2FhLTExZTYtOGY4OC0zNDM2M2JjN2M0YzAiOnsiY3JlYXRlIjoxMjAwMDAwMDAwMDAwLCJkZWxldGUiOjEyMDAwMDAwMDAwMDAsInVwZGF0ZSI6MTIwMDAwMDAwMDAwMH19"
        }
      ]
    },
    {
      "module": "module.repository",
      "mode": "managed",
      "type": "google_secret_manager_secret_iam_member",
      "name": "policy",
      "provider": "provider[\"registry.terraform.io/hashicorp/google\"]",
      "instances": [
        {
          "schema_version": 0,
          "attributes": {
            "condition": [],
            "etag": "BwYHV1o540o=",
            "id": "projects/tw-rd-ca-leon-lin/secrets/todolist-secret/roles/secretmanager.secretAccessor/serviceAccount:service-77786086397@gcp-sa-cloudbuild.iam.gserviceaccount.com",
            "member": "serviceAccount:service-77786086397@gcp-sa-cloudbuild.iam.gserviceaccount.com",
            "project": "tw-rd-ca-leon-lin",
            "role": "roles/secretmanager.secretAccessor",
            "secret_id": "projects/tw-rd-ca-leon-lin/secrets/todolist-secret"
          },
          "sensitive_attributes": [],
          "private": "bnVsbA==",
          "dependencies": [
            "module.repository.data.google_project.project",
            "module.repository.google_secret_manager_secret.github_token_secret",
            "module.repository.google_secret_manager_secret_version.github_token_secret_version"
          ]
        }
      ]
    },
    {
      "module": "module.repository",
      "mode": "managed",
      "type": "google_secret_manager_secret_version",
      "name": "github_token_secret_version",
      "provider": "provider[\"registry.terraform.io/hashicorp/google\"]",
      "instances": [
        {
          "schema_version": 0,
          "attributes": {
            "create_time": "2023-10-10T07:06:55.840005Z",
            "deletion_policy": "DELETE",
            "destroy_time": "",
            "enabled": true,
            "id": "projects/77786086397/secrets/todolist-secret/versions/1",
            "is_secret_data_base64": false,
            "name": "projects/77786086397/secrets/todolist-secret/versions/1",
            "secret": "projects/tw-rd-ca-leon-lin/secrets/todolist-secret",
            "secret_data": "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",
            "timeouts": null,
            "version": "1"
          },
          "sensitive_attributes": [],
          "private": "eyJlMmJmYjczMC1lY2FhLTExZTYtOGY4OC0zNDM2M2JjN2M0YzAiOnsiY3JlYXRlIjoxMjAwMDAwMDAwMDAwLCJkZWxldGUiOjEyMDAwMDAwMDAwMDB9fQ==",
          "dependencies": [
            "module.repository.google_secret_manager_secret.github_token_secret"
          ]
        }
      ]
    },
    {
      "module": "module.update_todolist",
      "mode": "managed",
      "type": "google_cloudfunctions2_function",
      "name": "default",
      "provider": "provider[\"registry.terraform.io/hashicorp/google\"]",
      "instances": [
        {
          "schema_version": 0,
          "attributes": {
            "build_config": [
              {
                "build": "projects/77786086397/locations/asia-east1/builds/3f9e511b-25ff-4857-96e3-fa55e3e90b4e",
                "docker_repository": "",
                "entry_point": "HelloPubSub",
                "environment_variables": {},
                "runtime": "go119",
                "source": [
                  {
                    "repo_source": [],
                    "storage_source": [
                      {
                        "bucket": "asia-east1-tw-rd-ca-leon-lin-gcf-source",
                        "generation": 1696921624921632,
                        "object": "update_todolist-source.zip"
                      }
                    ]
                  }
                ],
                "worker_pool": ""
              }
            ],
            "description": "a default function",
            "effective_labels": {},
            "environment": "GEN_2",
            "event_trigger": [
              {
                "event_filters": [],
                "event_type": "google.cloud.pubsub.topic.v1.messagePublished",
                "pubsub_topic": "projects/tw-rd-ca-leon-lin/topics/update_todolist-topic",
                "retry_policy": "RETRY_POLICY_DO_NOT_RETRY",
                "service_account_email": "77786086397-compute@developer.gserviceaccount.com",
                "trigger": "projects/tw-rd-ca-leon-lin/locations/asia-east1/triggers/update-todolist-457866",
                "trigger_region": "asia-east1"
              }
            ],
            "id": "projects/tw-rd-ca-leon-lin/locations/asia-east1/functions/update_todolist",
            "kms_key_name": "",
            "labels": {},
            "location": "asia-east1",
            "name": "update_todolist",
            "project": "tw-rd-ca-leon-lin",
            "service_config": [
              {
                "all_traffic_on_latest_revision": true,
                "available_cpu": "0.1666",
                "available_memory": "256M",
                "environment_variables": {},
                "gcf_uri": "",
                "ingress_settings": "ALLOW_INTERNAL_ONLY",
                "max_instance_count": 3,
                "max_instance_request_concurrency": 1,
                "min_instance_count": 0,
                "secret_environment_variables": [],
                "secret_volumes": [],
                "service": "projects/tw-rd-ca-leon-lin/locations/asia-east1/services/update-todolist",
                "service_account_email": "77786086397-compute@developer.gserviceaccount.com",
                "timeout_seconds": 60,
                "uri": "https://update-todolist-kt6w747drq-de.a.run.app",
                "vpc_connector": "",
                "vpc_connector_egress_settings": ""
              }
            ],
            "state": "ACTIVE",
            "terraform_labels": {},
            "timeouts": null,
            "update_time": "2023-10-10T07:08:51.291785919Z",
            "url": "https://asia-east1-tw-rd-ca-leon-lin.cloudfunctions.net/update_todolist"
          },
          "sensitive_attributes": [],
          "private": "eyJlMmJmYjczMC1lY2FhLTExZTYtOGY4OC0zNDM2M2JjN2M0YzAiOnsiY3JlYXRlIjozNjAwMDAwMDAwMDAwLCJkZWxldGUiOjM2MDAwMDAwMDAwMDAsInVwZGF0ZSI6MzYwMDAwMDAwMDAwMH19",
          "dependencies": [
            "google_storage_bucket.function-source",
            "module.update_todolist.google_pubsub_topic.default",
            "module.update_todolist.google_storage_bucket_object.object"
          ]
        }
      ]
    },
    {
      "module": "module.update_todolist",
      "mode": "managed",
      "type": "google_pubsub_topic",
      "name": "default",
      "provider": "provider[\"registry.terraform.io/hashicorp/google\"]",
      "instances": [
        {
          "schema_version": 0,
          "attributes": {
            "effective_labels": {},
            "id": "projects/tw-rd-ca-leon-lin/topics/update_todolist-topic",
            "kms_key_name": "",
            "labels": {},
            "message_retention_duration": "",
            "message_storage_policy": [],
            "name": "update_todolist-topic",
            "project": "tw-rd-ca-leon-lin",
            "schema_settings": [],
            "terraform_labels": {},
            "timeouts": null
          },
          "sensitive_attributes": [],
          "private": "eyJlMmJmYjczMC1lY2FhLTExZTYtOGY4OC0zNDM2M2JjN2M0YzAiOnsiY3JlYXRlIjoxMjAwMDAwMDAwMDAwLCJkZWxldGUiOjEyMDAwMDAwMDAwMDAsInVwZGF0ZSI6MTIwMDAwMDAwMDAwMH19"
        }
      ]
    },
    {
      "module": "module.update_todolist",
      "mode": "managed",
      "type": "google_storage_bucket_object",
      "name": "object",
      "provider": "provider[\"registry.terraform.io/hashicorp/google\"]",
      "instances": [
        {
          "schema_version": 0,
          "attributes": {
            "bucket": "asia-east1-tw-rd-ca-leon-lin-gcf-source",
            "cache_control": "",
            "content": null,
            "content_disposition": "",
            "content_encoding": "",
            "content_language": "",
            "content_type": "application/zip",
            "crc32c": "we6siw==",
            "customer_encryption": [],
            "detect_md5hash": "//4stIUYfBRUBOlLAOIMig==",
            "event_based_hold": false,
            "id": "asia-east1-tw-rd-ca-leon-lin-gcf-source-update_todolist-source.zip",
            "kms_key_name": "",
            "md5hash": "//4stIUYfBRUBOlLAOIMig==",
            "media_link": "https://storage.googleapis.com/download/storage/v1/b/asia-east1-tw-rd-ca-leon-lin-gcf-source/o/update_todolist-source.zip?generation=1696921615915814\u0026alt=media",
            "metadata": {},
            "name": "update_todolist-source.zip",
            "output_name": "update_todolist-source.zip",
            "self_link": "https://www.googleapis.com/storage/v1/b/asia-east1-tw-rd-ca-leon-lin-gcf-source/o/update_todolist-source.zip",
            "source": "function/default-source.zip",
            "storage_class": "STANDARD",
            "temporary_hold": false,
            "timeouts": null
          },
          "sensitive_attributes": [],
          "private": "eyJlMmJmYjczMC1lY2FhLTExZTYtOGY4OC0zNDM2M2JjN2M0YzAiOnsiY3JlYXRlIjoyNDAwMDAwMDAwMDAsImRlbGV0ZSI6MjQwMDAwMDAwMDAwLCJ1cGRhdGUiOjI0MDAwMDAwMDAwMH19",
          "dependencies": [
            "google_storage_bucket.function-source"
          ]
        }
      ]
    },
    {
      "module": "module.web-server",
      "mode": "managed",
      "type": "google_cloud_run_service_iam_member",
      "name": "member",
      "provider": "provider[\"registry.terraform.io/hashicorp/google\"]",
      "instances": [
        {
          "schema_version": 0,
          "attributes": {
            "condition": [],
            "etag": "BwYHV1q3Aqw=",
            "id": "v1/projects/tw-rd-ca-leon-lin/locations/asia-east1/services/web/roles/run.invoker/allUsers",
            "location": "asia-east1",
            "member": "allUsers",
            "project": "tw-rd-ca-leon-lin",
            "role": "roles/run.invoker",
            "service": "v1/projects/tw-rd-ca-leon-lin/locations/asia-east1/services/web"
          },
          "sensitive_attributes": [],
          "private": "bnVsbA==",
          "dependencies": [
            "module.web-server.google_cloud_run_v2_service.default"
          ]
        }
      ]
    },
    {
      "module": "module.web-server",
      "mode": "managed",
      "type": "google_cloud_run_v2_service",
      "name": "default",
      "provider": "provider[\"registry.terraform.io/hashicorp/google\"]",
      "instances": [
        {
          "schema_version": 0,
          "attributes": {
            "annotations": {},
            "binary_authorization": [],
            "client": "",
            "client_version": "",
            "conditions": [
              {
                "execution_reason": "",
                "last_transition_time": "2023-10-10T07:07:00.350142Z",
                "message": "",
                "reason": "",
                "revision_reason": "",
                "severity": "",
                "state": "CONDITION_SUCCEEDED",
                "type": "RoutesReady"
              },
              {
                "execution_reason": "",
                "last_transition_time": "2023-10-10T07:06:55.044528Z",
                "message": "",
                "reason": "",
                "revision_reason": "",
                "severity": "",
                "state": "CONDITION_SUCCEEDED",
                "type": "ConfigurationsReady"
              }
            ],
            "create_time": "2023-10-10T07:06:54.837108Z",
            "creator": "a0970785699@gmail.com",
            "delete_time": "",
            "description": "",
            "effective_annotations": {},
            "effective_labels": {},
            "etag": "\"CI7wk6kGEKCClY8D/cHJvamVjdHMvdHctcmQtY2EtbGVvbi1saW4vbG9jYXRpb25zL2FzaWEtZWFzdDEvc2VydmljZXMvd2Vi\"",
            "expire_time": "",
            "generation": "1",
            "id": "projects/tw-rd-ca-leon-lin/locations/asia-east1/services/web",
            "ingress": "INGRESS_TRAFFIC_ALL",
            "labels": {},
            "last_modifier": "a0970785699@gmail.com",
            "latest_created_revision": "projects/tw-rd-ca-leon-lin/locations/asia-east1/services/web/revisions/web-00001-bnq",
            "latest_ready_revision": "projects/tw-rd-ca-leon-lin/locations/asia-east1/services/web/revisions/web-00001-bnq",
            "launch_stage": "GA",
            "location": "asia-east1",
            "name": "web",
            "observed_generation": "1",
            "project": "tw-rd-ca-leon-lin",
            "reconciling": false,
            "template": [
              {
                "annotations": {},
                "containers": [
                  {
                    "args": [],
                    "command": [],
                    "env": [
                      {
                        "name": "SERVER_PORT",
                        "value": ":8080",
                        "value_source": []
                      }
                    ],
                    "image": "adrianrudnik/maintenance-server:latest",
                    "liveness_probe": [],
                    "name": "",
                    "ports": [
                      {
                        "container_port": 8080,
                        "name": "http1"
                      }
                    ],
                    "resources": [
                      {
                        "cpu_idle": true,
                        "limits": {
                          "cpu": "1000m",
                          "memory": "512Mi"
                        },
                        "startup_cpu_boost": true
                      }
                    ],
                    "startup_probe": [
                      {
                        "failure_threshold": 1,
                        "grpc": [],
                        "http_get": [],
                        "initial_delay_seconds": 0,
                        "period_seconds": 240,
                        "tcp_socket": [
                          {
                            "port": 8080
                          }
                        ],
                        "timeout_seconds": 240
                      }
                    ],
                    "volume_mounts": [],
                    "working_dir": ""
                  }
                ],
                "encryption_key": "",
                "execution_environment": "",
                "labels": {},
                "max_instance_request_concurrency": 80,
                "revision": "",
                "scaling": [
                  {
                    "max_instance_count": 100,
                    "min_instance_count": 0
                  }
                ],
                "service_account": "77786086397-compute@developer.gserviceaccount.com",
                "session_affinity": false,
                "timeout": "300s",
                "volumes": [],
                "vpc_access": []
              }
            ],
            "terminal_condition": [
              {
                "execution_reason": "",
                "last_transition_time": "2023-10-10T07:07:00.350142Z",
                "message": "",
                "reason": "",
                "revision_reason": "",
                "severity": "",
                "state": "CONDITION_SUCCEEDED",
                "type": "Ready"
              }
            ],
            "terraform_labels": {},
            "timeouts": null,
            "traffic": [
              {
                "percent": 100,
                "revision": "",
                "tag": "",
                "type": "TRAFFIC_TARGET_ALLOCATION_TYPE_LATEST"
              }
            ],
            "traffic_statuses": [
              {
                "percent": 100,
                "revision": "",
                "tag": "",
                "type": "TRAFFIC_TARGET_ALLOCATION_TYPE_LATEST",
                "uri": ""
              }
            ],
            "uid": "05f8589f-c0ff-4f46-87f6-bd4774c78abb",
            "update_time": "2023-10-10T07:06:54.837108Z",
            "uri": "https://web-kt6w747drq-de.a.run.app"
          },
          "sensitive_attributes": [],
          "private": "eyJlMmJmYjczMC1lY2FhLTExZTYtOGY4OC0zNDM2M2JjN2M0YzAiOnsiY3JlYXRlIjoxMjAwMDAwMDAwMDAwLCJkZWxldGUiOjEyMDAwMDAwMDAwMDAsInVwZGF0ZSI6MTIwMDAwMDAwMDAwMH19"
        }
      ]
    },
    {
      "module": "module.websocket-server",
      "mode": "managed",
      "type": "google_cloud_run_service_iam_member",
      "name": "member",
      "provider": "provider[\"registry.terraform.io/hashicorp/google\"]",
      "instances": [
        {
          "schema_version": 0,
          "attributes": {
            "condition": [],
            "etag": "BwYHV1q4cws=",
            "id": "v1/projects/tw-rd-ca-leon-lin/locations/asia-east1/services/websocket/roles/run.invoker/allUsers",
            "location": "asia-east1",
            "member": "allUsers",
            "project": "tw-rd-ca-leon-lin",
            "role": "roles/run.invoker",
            "service": "v1/projects/tw-rd-ca-leon-lin/locations/asia-east1/services/websocket"
          },
          "sensitive_attributes": [],
          "private": "bnVsbA==",
          "dependencies": [
            "module.websocket-server.google_cloud_run_v2_service.default"
          ]
        }
      ]
    },
    {
      "module": "module.websocket-server",
      "mode": "managed",
      "type": "google_cloud_run_v2_service",
      "name": "default",
      "provider": "provider[\"registry.terraform.io/hashicorp/google\"]",
      "instances": [
        {
          "schema_version": 0,
          "attributes": {
            "annotations": {},
            "binary_authorization": [],
            "client": "",
            "client_version": "",
            "conditions": [
              {
                "execution_reason": "",
                "last_transition_time": "2023-10-10T07:07:00.294838Z",
                "message": "",
                "reason": "",
                "revision_reason": "",
                "severity": "",
                "state": "CONDITION_SUCCEEDED",
                "type": "RoutesReady"
              },
              {
                "execution_reason": "",
                "last_transition_time": "2023-10-10T07:06:55.214586Z",
                "message": "",
                "reason": "",
                "revision_reason": "",
                "severity": "",
                "state": "CONDITION_SUCCEEDED",
                "type": "ConfigurationsReady"
              }
            ],
            "create_time": "2023-10-10T07:06:54.848252Z",
            "creator": "a0970785699@gmail.com",
            "delete_time": "",
            "description": "",
            "effective_annotations": {},
            "effective_labels": {},
            "etag": "\"CI7wk6kGEOCYvZQD/cHJvamVjdHMvdHctcmQtY2EtbGVvbi1saW4vbG9jYXRpb25zL2FzaWEtZWFzdDEvc2VydmljZXMvd2Vic29ja2V0\"",
            "expire_time": "",
            "generation": "1",
            "id": "projects/tw-rd-ca-leon-lin/locations/asia-east1/services/websocket",
            "ingress": "INGRESS_TRAFFIC_ALL",
            "labels": {},
            "last_modifier": "a0970785699@gmail.com",
            "latest_created_revision": "projects/tw-rd-ca-leon-lin/locations/asia-east1/services/websocket/revisions/websocket-00001-xrr",
            "latest_ready_revision": "projects/tw-rd-ca-leon-lin/locations/asia-east1/services/websocket/revisions/websocket-00001-xrr",
            "launch_stage": "GA",
            "location": "asia-east1",
            "name": "websocket",
            "observed_generation": "1",
            "project": "tw-rd-ca-leon-lin",
            "reconciling": false,
            "template": [
              {
                "annotations": {},
                "containers": [
                  {
                    "args": [],
                    "command": [],
                    "env": [
                      {
                        "name": "SERVER_PORT",
                        "value": ":8080",
                        "value_source": []
                      }
                    ],
                    "image": "adrianrudnik/maintenance-server:latest",
                    "liveness_probe": [],
                    "name": "",
                    "ports": [
                      {
                        "container_port": 8080,
                        "name": "http1"
                      }
                    ],
                    "resources": [
                      {
                        "cpu_idle": true,
                        "limits": {
                          "cpu": "1000m",
                          "memory": "512Mi"
                        },
                        "startup_cpu_boost": true
                      }
                    ],
                    "startup_probe": [
                      {
                        "failure_threshold": 1,
                        "grpc": [],
                        "http_get": [],
                        "initial_delay_seconds": 0,
                        "period_seconds": 240,
                        "tcp_socket": [
                          {
                            "port": 8080
                          }
                        ],
                        "timeout_seconds": 240
                      }
                    ],
                    "volume_mounts": [],
                    "working_dir": ""
                  }
                ],
                "encryption_key": "",
                "execution_environment": "",
                "labels": {},
                "max_instance_request_concurrency": 80,
                "revision": "",
                "scaling": [
                  {
                    "max_instance_count": 100,
                    "min_instance_count": 0
                  }
                ],
                "service_account": "77786086397-compute@developer.gserviceaccount.com",
                "session_affinity": false,
                "timeout": "300s",
                "volumes": [],
                "vpc_access": []
              }
            ],
            "terminal_condition": [
              {
                "execution_reason": "",
                "last_transition_time": "2023-10-10T07:07:00.294838Z",
                "message": "",
                "reason": "",
                "revision_reason": "",
                "severity": "",
                "state": "CONDITION_SUCCEEDED",
                "type": "Ready"
              }
            ],
            "terraform_labels": {},
            "timeouts": null,
            "traffic": [
              {
                "percent": 100,
                "revision": "",
                "tag": "",
                "type": "TRAFFIC_TARGET_ALLOCATION_TYPE_LATEST"
              }
            ],
            "traffic_statuses": [
              {
                "percent": 100,
                "revision": "",
                "tag": "",
                "type": "TRAFFIC_TARGET_ALLOCATION_TYPE_LATEST",
                "uri": ""
              }
            ],
            "uid": "5c8906f8-88fb-4d21-96ab-f162b2175d46",
            "update_time": "2023-10-10T07:06:54.848252Z",
            "uri": "https://websocket-kt6w747drq-de.a.run.app"
          },
          "sensitive_attributes": [],
          "private": "eyJlMmJmYjczMC1lY2FhLTExZTYtOGY4OC0zNDM2M2JjN2M0YzAiOnsiY3JlYXRlIjoxMjAwMDAwMDAwMDAwLCJkZWxldGUiOjEyMDAwMDAwMDAwMDAsInVwZGF0ZSI6MTIwMDAwMDAwMDAwMH19"
        }
      ]
    }
  ],
  "check_results": null
}
